
Microsoft Visual Studio Solution File, Format Version 12.00
# Visual Studio Version 16
VisualStudioVersion = 16.0.30717.126
MinimumVisualStudioVersion = 10.0.40219.1
Project("{FAE04EC0-301F-11D3-BF4B-00C04F79EFBC}") = "SehirRehberi.API", "SehirRehberi.API\SehirRehberi.API.csproj", "{6EE7FB70-9D68-4EAA-BBE8-EA406D25FB4D}"
EndProject
Global
	GlobalSection(SolutionConfigurationPlatforms) = preSolution
		Debug|Any CPU = Debug|Any CPU
		Release|Any CPU = Release|Any CPU
	EndGlobalSection
	GlobalSection(ProjectConfigurationPlatforms) = postSolution
		{6EE7FB70-9D68-4EAA-BBE8-EA406D25FB4D}.Debug|Any CPU.ActiveCfg = Debug|Any CPU
		{6EE7FB70-9D68-4EAA-BBE8-EA406D25FB4D}.Debug|Any CPU.Build.0 = Debug|Any CPU
		{6EE7FB70-9D68-4EAA-BBE8-EA406D25FB4D}.Release|Any CPU.ActiveCfg = Release|Any CPU
		{6EE7FB70-9D68-4EAA-BBE8-EA406D25FB4D}.Release|Any CPU.Build.0 = Release|Any CPU
	EndGlobalSection
	GlobalSection(SolutionProperties) = preSolution
		HideSolutionNode = FALSE
	EndGlobalSection
	GlobalSection(ExtensibilityGlobals) = postSolution
		SolutionGuid = {B7851684-2F2C-4F7E-A0B7-F7EC0FE7C1C7}
	EndGlobalSection
EndGlobal
